// !$*UTF8*$!
{
	archiveVersion = 1;
	classes = {
	};
	objectVersion = 77;
	objects = {

/* Begin PBXContainerItemProxy section */
		2E84E4172F720D7000EC5D97 /* PBXContainerItemProxy */ = {
			isa = PBXContainerItemProxy;
			containerPortal = 2E84E4012F720D6E00EC5D97 /* Project object */;
			proxyType = 1;
			remoteGlobalIDString = 2E84E4082F720D6E00EC5D97;
			remoteInfo = AppSync_Broadcaster;
		};
		2E84E4212F720D7000EC5D97 /* PBXContainerItemProxy */ = {
			isa = PBXContainerItemProxy;
			containerPortal = 2E84E4012F720D6E00EC5D97 /* Project object */;
			proxyType = 1;
			remoteGlobalIDString = 2E84E4082F720D6E00EC5D97;
			remoteInfo = AppSync_Broadcaster;
		};
/* End PBXContainerItemProxy section */

/* Begin PBXFileReference section */
		2E84E4092F720D6E00EC5D97 /* AppSync_Broadcaster.app */ = {isa = PBXFileReference; explicitFileType = wrapper.application; includeInIndex = 0; path = AppSync_Broadcaster.app; sourceTree = BUILT_PRODUCTS_DIR; };
		2E84E4162F720D7000EC5D97 /* AppSync_BroadcasterTests.xctest */ = {isa = PBXFileReference; explicitFileType = wrapper.cfbundle; includeInIndex = 0; path = AppSync_BroadcasterTests.xctest; sourceTree = BUILT_PRODUCTS_DIR; };
		2E84E4202F720D7000EC5D97 /* AppSync_BroadcasterUITests.xctest */ = {isa = PBXFileReference; explicitFileType = wrapper.cfbundle; includeInIndex = 0; path = AppSync_BroadcasterUITests.xctest; sourceTree = BUILT_PRODUCTS_DIR; };
/* End PBXFileReference section */

/* Begin PBXFileSystemSynchronizedRootGroup section */
		2E84E40B2F720D6E00EC5D97 /* AppSync_Broadcaster */ = {
			isa = PBXFileSystemSynchronizedRootGroup;
			path = AppSync_Broadcaster;
			sourceTree = "<group>";
		};
		2E84E4192F720D7000EC5D97 /* AppSync_BroadcasterTests */ = {
			isa = PBXFileSystemSynchronizedRootGroup;
			path = AppSync_BroadcasterTests;
			sourceTree = "<group>";
		};
		2E84E4232F720D7000EC5D97 /* AppSync_BroadcasterUITests */ = {
			isa = PBXFileSystemSynchronizedRootGroup;
			path = AppSync_BroadcasterUITests;
			sourceTree = "<group>";
		};
/* End PBXFileSystemSynchronizedRootGroup section */

/* Begin PBXFrameworksBuildPhase section */
		2E84E4062F720D6E00EC5D97 /* Frameworks */ = {
			isa = PBXFrameworksBuildPhase;
			buildActionMask = 2147483647;
			files = (
			);
			runOnlyForDeploymentPostprocessing = 0;
		};
		2E84E4132F720D7000EC5D97 /* Frameworks */ = {
			isa = PBXFrameworksBuildPhase;
			buildActionMask = 2147483647;
			files = (
			);
			runOnlyForDeploymentPostprocessing = 0;
		};
		2E84E41D2F720D7000EC5D97 /* Frameworks */ = {
			isa = PBXFrameworksBuildPhase;
			buildActionMask = 2147483647;
			files = (
			);
			runOnlyForDeploymentPostprocessing = 0;
		};
/* End PBXFrameworksBuildPhase section */

/* Begin PBXGroup section */
		2E0E79BD2FC228D8004F8D32 /* Frameworks */ = {
			isa = PBXGroup;
			children = (
			);
			name = Frameworks;
			sourceTree = "<group>";
		};
		2E84E4002F720D6E00EC5D97 = {
			isa = PBXGroup;
			children = (
				2E84E40B2F720D6E00EC5D97 /* AppSync_Broadcaster */,
				2E84E4192F720D7000EC5D97 /* AppSync_BroadcasterTests */,
				2E84E4232F720D7000EC5D97 /* AppSync_BroadcasterUITests */,
				2E0E79BD2FC228D8004F8D32 /* Frameworks */,
				2E84E40A2F720D6E00EC5D97 /* Products */,
			);
			sourceTree = "<group>";
		};
		2E84E40A2F720D6E00EC5D97 /* Products */ = {
			isa = PBXGroup;
			children = (
				2E84E4092F720D6E00EC5D97 /* AppSync_Broadcaster.app */,
				2E84E4162F720D7000EC5D97 /* AppSync_BroadcasterTests.xctest */,
				2E84E4202F720D7000EC5D97 /* AppSync_BroadcasterUITests.xctest */,
			);
			name = Products;
			sourceTree = "<group>";
		};
/* End PBXGroup section */

/* Begin PBXNativeTarget section */
		2E84E4082F720D6E00EC5D97 /* AppSync_Broadcaster */ = {
			isa = PBXNativeTarget;
			buildConfigurationList = 2E84E42A2F720D7000EC5D97 /* Build configuration list for PBXNativeTarget "AppSync_Broadcaster" */;
			buildPhases = (
				2E84E4052F720D6E00EC5D97 /* Sources */,
				2E84E4062F720D6E00EC5D97 /* Frameworks */,
				2E84E4072F720D6E00EC5D97 /* Resources */,
			);
			buildRules = (
			);
			dependencies = (
			);
			fileSystemSynchronizedGroups = (
				2E84E40B2F720D6E00EC5D97 /* AppSync_Broadcaster */,
			);
			name = AppSync_Broadcaster;
			packageProductDependencies = (
			);
			productName = AppSync_Broadcaster;
			productReference = 2E84E4092F720D6E00EC5D97 /* AppSync_Broadcaster.app */;
			productType = "com.apple.product-type.application";
		};
		2E84E4152F720D7000EC5D97 /* AppSync_BroadcasterTests */ = {
			isa = PBXNativeTarget;
			buildConfigurationList = 2E84E42D2F720D7000EC5D97 /* Build configuration list for PBXNativeTarget "AppSync_BroadcasterTests" */;
			buildPhases = (
				2E84E4122F720D7000EC5D97 /* Sources */,
				2E84E4132F720D7000EC5D97 /* Frameworks */,
				2E84E4142F720D7000EC5D97 /* Resources */,
			);
			buildRules = (
			);
			dependencies = (
				2E84E4182F720D7000EC5D97 /* PBXTargetDependency */,
			);
			fileSystemSynchronizedGroups = (
				2E84E4192F720D7000EC5D97 /* AppSync_BroadcasterTests */,
			);
			name = AppSync_BroadcasterTests;
			packageProductDependencies = (
			);
			productName = AppSync_BroadcasterTests;
			productReference = 2E84E4162F720D7000EC5D97 /* AppSync_BroadcasterTests.xctest */;
			productType = "com.apple.product-type.bundle.unit-test";
		};
		2E84E41F2F720D7000EC5D97 /* AppSync_BroadcasterUITests */ = {
			isa = PBXNativeTarget;
			buildConfigurationList = 2E84E4302F720D7000EC5D97 /* Build configuration list for PBXNativeTarget "AppSync_BroadcasterUITests" */;
			buildPhases = (
				2E84E41C2F720D7000EC5D97 /* Sources */,
				2E84E41D2F720D7000EC5D97 /* Frameworks */,
				2E84E41E2F720D7000EC5D97 /* Resources */,
			);
			buildRules = (
			);
			dependencies = (
				2E84E4222F720D7000EC5D97 /* PBXTargetDependency */,
			);
			fileSystemSynchronizedGroups = (
				2E84E4232F720D7000EC5D97 /* AppSync_BroadcasterUITests */,
			);
			name = AppSync_BroadcasterUITests;
			packageProductDependencies = (
			);
			productName = AppSync_BroadcasterUITests;
			productReference = 2E84E4202F720D7000EC5D97 /* AppSync_BroadcasterUITests.xctest */;
			productType = "com.apple.product-type.bundle.ui-testing";
		};
/* End PBXNativeTarget section */

/* Begin PBXProject section */
		2E84E4012F720D6E00EC5D97 /* Project object */ = {
			isa = PBXProject;
			attributes = {
				BuildIndependentTargetsInParallel = 1;
				LastSwiftUpdateCheck = 2620;
				LastUpgradeCheck = 2620;
				TargetAttributes = {
					2E84E4082F720D6E00EC5D97 = {
						CreatedOnToolsVersion = 26.2;
					};
					2E84E4152F720D7000EC5D97 = {
						CreatedOnToolsVersion = 26.2;
						TestTargetID = 2E84E4082F720D6E00EC5D97;
					};
					2E84E41F2F720D7000EC5D97 = {
						CreatedOnToolsVersion = 26.2;
						TestTargetID = 2E84E4082F720D6E00EC5D97;
					};
				};
			};
			buildConfigurationList = 2E84E4042F720D6E00EC5D97 /* Build configuration list for PBXProject "AppSync_Broadcaster" */;
			developmentRegion = en;
			hasScannedForEncodings = 0;
			knownRegions = (
				en,
				Base,
			);
			mainGroup = 2E84E4002F720D6E00EC5D97;
			minimizedProjectReferenceProxies = 1;
			packageReferences = (
			);
			preferredProjectObjectVersion = 77;
			productRefGroup = 2E84E40A2F720D6E00EC5D97 /* Products */;
			projectDirPath = "";
			projectRoot = "";
			targets = (
				2E84E4082F720D6E00EC5D97 /* AppSync_Broadcaster */,
				2E84E4152F720D7000EC5D97 /* AppSync_BroadcasterTests */,
				2E84E41F2F720D7000EC5D97 /* AppSync_BroadcasterUITests */,
			);
		};
/* End PBXProject section */

/* Begin PBXResourcesBuildPhase section */
		2E84E4072F720D6E00EC5D97 /* Resources */ = {
			isa = PBXResourcesBuildPhase;
			buildActionMask = 2147483647;
			files = (
			);
			runOnlyForDeploymentPostprocessing = 0;
		};
		2E84E4142F720D7000EC5D97 /* Resources */ = {
			isa = PBXResourcesBuildPhase;
			buildActionMask = 2147483647;
			files = (
			);
			runOnlyForDeploymentPostprocessing = 0;
		};
		2E84E41E2F720D7000EC5D97 /* Resources */ = {
			isa = PBXResourcesBuildPhase;
			buildActionMask = 2147483647;
			files = (
			);
			runOnlyForDeploymentPostprocessing = 0;
		};
/* End PBXResourcesBuildPhase section */

/* Begin PBXSourcesBuildPhase section */
		2E84E4052F720D6E00EC5D97 /* Sources */ = {
			isa = PBXSourcesBuildPhase;
			buildActionMask = 2147483647;
			files = (
			);
			runOnlyForDeploymentPostprocessing = 0;
		};
		2E84E4122F720D7000EC5D97 /* Sources */ = {
			isa = PBXSourcesBuildPhase;
			buildActionMask = 2147483647;
			files = (
			);
			runOnlyForDeploymentPostprocessing = 0;
		};
		2E84E41C2F720D7000EC5D97 /* Sources */ = {
			isa = PBXSourcesBuildPhase;
			buildActionMask = 2147483647;
			files = (
			);
			runOnlyForDeploymentPostprocessing = 0;
		};
/* End PBXSourcesBuildPhase section */

/* Begin PBXTargetDependency section */
		2E84E4182F720D7000EC5D97 /* PBXTargetDependency */ = {
			isa = PBXTargetDependency;
			target = 2E84E4082F720D6E00EC5D97 /* AppSync_Broadcaster */;
			targetProxy = 2E84E4172F720D7000EC5D97 /* PBXContainerItemProxy */;
		};
		2E84E4222F720D7000EC5D97 /* PBXTargetDependency */ = {
			isa = PBXTargetDependency;
			target = 2E84E4082F720D6E00EC5D97 /* AppSync_Broadcaster */;
			targetProxy = 2E84E4212F720D7000EC5D97 /* PBXContainerItemProxy */;
		};
/* End PBXTargetDependency section */

/* Begin XCBuildConfiguration section */
		2E84E4282F720D7000EC5D97 /* Debug */ = {
			isa = XCBuildConfiguration;
			buildSettings = {
				ALWAYS_SEARCH_USER_PATHS = NO;
				ASSETCATALOG_COMPILER_GENERATE_SWIFT_ASSET_SYMBOL_EXTENSIONS = YES;
				CLANG_ANALYZER_NONNULL = YES;
				CLANG_ANALYZER_NUMBER_OBJECT_CONVERSION = YES_AGGRESSIVE;
				CLANG_CXX_LANGUAGE_STANDARD = "gnu++20";
				CLANG_ENABLE_MODULES = YES;
				CLANG_ENABLE_OBJC_ARC = YES;
				CLANG_ENABLE_OBJC_WEAK = YES;
				CLANG_WARN_BLOCK_CAPTURE_AUTORELEASING = YES;
				CLANG_WARN_BOOL_CONVERSION = YES;
				CLANG_WARN_COMMA = YES;
				CLANG_WARN_CONSTANT_CONVERSION = YES;
				CLANG_WARN_DEPRECATED_OBJC_IMPLEMENTATIONS = YES;
				CLANG_WARN_DIRECT_OBJC_ISA_USAGE = YES_ERROR;
				CLANG_WARN_DOCUMENTATION_COMMENTS = YES;
				CLANG_WARN_EMPTY_BODY = YES;
				CLANG_WARN_ENUM_CONVERSION = YES;
				CLANG_WARN_INFINITE_RECURSION = YES;
				CLANG_WARN_INT_CONVERSION = YES;
				CLANG_WARN_NON_LITERAL_NULL_CONVERSION = YES;
				CLANG_WARN_OBJC_IMPLICIT_RETAIN_SELF = YES;
				CLANG_WARN_OBJC_LITERAL_CONVERSION = YES;
				CLANG_WARN_OBJC_ROOT_CLASS = YES_ERROR;
				CLANG_WARN_QUOTED_INCLUDE_IN_FRAMEWORK_HEADER = YES;
				CLANG_WARN_RANGE_LOOP_ANALYSIS = YES;
				CLANG_WARN_STRICT_PROTOTYPES = YES;
				CLANG_WARN_SUSPICIOUS_MOVE = YES;
				CLANG_WARN_UNGUARDED_AVAILABILITY = YES_AGGRESSIVE;
				CLANG_WARN_UNREACHABLE_CODE = YES;
				CLANG_WARN__DUPLICATE_METHOD_MATCH = YES;
				COPY_PHASE_STRIP = NO;
				DEBUG_INFORMATION_FORMAT = dwarf;
				ENABLE_STRICT_OBJC_MSGSEND = YES;
				ENABLE_TESTABILITY = YES;
				ENABLE_USER_SCRIPT_SANDBOXING = YES;
				GCC_C_LANGUAGE_STANDARD = gnu17;
				GCC_DYNAMIC_NO_PIC = NO;
				GCC_NO_COMMON_BLOCKS = YES;
				GCC_OPTIMIZATION_LEVEL = 0;
				GCC_PREPROCESSOR_DEFINITIONS = (
					"DEBUG=1",
					"$(inherited)",
				);
				GCC_WARN_64_TO_32_BIT_CONVERSION = YES;
				GCC_WARN_ABOUT_RETURN_TYPE = YES_ERROR;
				GCC_WARN_UNDECLARED_SELECTOR = YES;
				GCC_WARN_UNINITIALIZED_AUTOS = YES_AGGRESSIVE;
				GCC_WARN_UNUSED_FUNCTION = YES;
				GCC_WARN_UNUSED_VARIABLE = YES;
				LOCALIZATION_PREFERS_STRING_CATALOGS = YES;
				MACOSX_DEPLOYMENT_TARGET = 26.2;
				MTL_ENABLE_DEBUG_INFO = INCLUDE_SOURCE;
				MTL_FAST_MATH = YES;
				ONLY_ACTIVE_ARCH = YES;
				SDKROOT = macosx;
				SWIFT_ACTIVE_COMPILATION_CONDITIONS = "DEBUG $(inherited)";
				SWIFT_OPTIMIZATION_LEVEL = "-Onone";
			};
			name = Debug;
		};
		2E84E4292F720D7000EC5D97 /* Release */ = {
			isa = XCBuildConfiguration;
			buildSettings = {
				ALWAYS_SEARCH_USER_PATHS = NO;
				ASSETCATALOG_COMPILER_GENERATE_SWIFT_ASSET_SYMBOL_EXTENSIONS = YES;
				CLANG_ANALYZER_NONNULL = YES;
				CLANG_ANALYZER_NUMBER_OBJECT_CONVERSION = YES_AGGRESSIVE;
				CLANG_CXX_LANGUAGE_STANDARD = "gnu++20";
				CLANG_ENABLE_MODULES = YES;
				CLANG_ENABLE_OBJC_ARC = YES;
				CLANG_ENABLE_OBJC_WEAK = YES;
				CLANG_WARN_BLOCK_CAPTURE_AUTORELEASING = YES;
				CLANG_WARN_BOOL_CONVERSION = YES;
				CLANG_WARN_COMMA = YES;
				CLANG_WARN_CONSTANT_CONVERSION = YES;
				CLANG_WARN_DEPRECATED_OBJC_IMPLEMENTATIONS = YES;
				CLANG_WARN_DIRECT_OBJC_ISA_USAGE = YES_ERROR;
				CLANG_WARN_DOCUMENTATION_COMMENTS = YES;
				CLANG_WARN_EMPTY_BODY = YES;
				CLANG_WARN_ENUM_CONVERSION = YES;
				CLANG_WARN_INFINITE_RECURSION = YES;
				CLANG_WARN_INT_CONVERSION = YES;
				CLANG_WARN_NON_LITERAL_NULL_CONVERSION = YES;
				CLANG_WARN_OBJC_IMPLICIT_RETAIN_SELF = YES;
				CLANG_WARN_OBJC_LITERAL_CONVERSION = YES;
				CLANG_WARN_OBJC_ROOT_CLASS = YES_ERROR;
				CLANG_WARN_QUOTED_INCLUDE_IN_FRAMEWORK_HEADER = YES;
				CLANG_WARN_RANGE_LOOP_ANALYSIS = YES;
				CLANG_WARN_STRICT_PROTOTYPES = YES;
				CLANG_WARN_SUSPICIOUS_MOVE = YES;
				CLANG_WARN_UNGUARDED_AVAILABILITY = YES_AGGRESSIVE;
				CLANG_WARN_UNREACHABLE_CODE = YES;
				CLANG_WARN__DUPLICATE_METHOD_MATCH = YES;
				COPY_PHASE_STRIP = NO;
				DEBUG_INFORMATION_FORMAT = "dwarf-with-dsym";
				ENABLE_NS_ASSERTIONS = NO;
				ENABLE_STRICT_OBJC_MSGSEND = YES;
				ENABLE_USER_SCRIPT_SANDBOXING = YES;
				GCC_C_LANGUAGE_STANDARD = gnu17;
				GCC_NO_COMMON_BLOCKS = YES;
				GCC_WARN_64_TO_32_BIT_CONVERSION = YES;
				GCC_WARN_ABOUT_RETURN_TYPE = YES_ERROR;
				GCC_WARN_UNDECLARED_SELECTOR = YES;
				GCC_WARN_UNINITIALIZED_AUTOS = YES_AGGRESSIVE;
				GCC_WARN_UNUSED_FUNCTION = YES;
				GCC_WARN_UNUSED_VARIABLE = YES;
				LOCALIZATION_PREFERS_STRING_CATALOGS = YES;
				MACOSX_DEPLOYMENT_TARGET = 26.2;
				MTL_ENABLE_DEBUG_INFO = NO;
				MTL_FAST_MATH = YES;
				SDKROOT = macosx;
				SWIFT_COMPILATION_MODE = wholemodule;
			};
			name = Release;
		};
		2E84E42B2F720D7000EC5D97 /* Debug */ = {
			isa = XCBuildConfiguration;
			buildSettings = {
				ASSETCATALOG_COMPILER_APPICON_NAME = AppIcon;
				ASSETCATALOG_COMPILER_GLOBAL_ACCENT_COLOR_NAME = AccentColor;
				CODE_SIGN_STYLE = Automatic;
				COMBINE_HIDPI_IMAGES = YES;
				CURRENT_PROJECT_VERSION = 1;
				ENABLE_APP_SANDBOX = YES;
				ENABLE_INCOMING_NETWORK_CONNECTIONS = NO;
				ENABLE_OUTGOING_NETWORK_CONNECTIONS = NO;
				ENABLE_PREVIEWS = YES;
				ENABLE_RESOURCE_ACCESS_AUDIO_INPUT = NO;
				ENABLE_RESOURCE_ACCESS_BLUETOOTH = YES;
				ENABLE_RESOURCE_ACCESS_CALENDARS = NO;
				ENABLE_RESOURCE_ACCESS_CAMERA = NO;
				ENABLE_RESOURCE_ACCESS_CONTACTS = NO;
				ENABLE_RESOURCE_ACCESS_LOCATION = NO;
				ENABLE_RESOURCE_ACCESS_PRINTING = NO;
				ENABLE_RESOURCE_ACCESS_USB = NO;
				ENABLE_USER_SELECTED_FILES = readonly;
				GENERATE_INFOPLIST_FILE = YES;
				INFOPLIST_FILE = "$(PROJECT_DIR)/AppSync-Broadcaster-Info.plist";
				INFOPLIST_KEY_NSBluetoothWhileInUseUsageDescription = "Allow bluetooth to send advertisments";
				INFOPLIST_KEY_NSHumanReadableCopyright = "";
				LD_RUNPATH_SEARCH_PATHS = (
					"$(inherited)",
					"@executable_path/../Frameworks",
				);
				MARKETING_VERSION = 1.0;
				PRODUCT_BUNDLE_IDENTIFIER = "Froggo.AppSync-Broadcaster";
				PRODUCT_NAME = "$(TARGET_NAME)";
				REGISTER_APP_GROUPS = YES;
				STRING_CATALOG_GENERATE_SYMBOLS = YES;
				SWIFT_APPROACHABLE_CONCURRENCY = YES;
				SWIFT_DEFAULT_ACTOR_ISOLATION = MainActor;
				SWIFT_EMIT_LOC_STRINGS = YES;
				SWIFT_UPCOMING_FEATURE_MEMBER_IMPORT_VISIBILITY = YES;
				SWIFT_VERSION = 5.0;
			};
			name = Debug;
		};
		2E84E42C2F720D7000EC5D97 /* Release */ = {
			isa = XCBuildConfiguration;
			buildSettings = {
				ASSETCATALOG_COMPILER_APPICON_NAME = AppIcon;
				ASSETCATALOG_COMPILER_GLOBAL_ACCENT_COLOR_NAME = AccentColor;
				CODE_SIGN_STYLE = Automatic;
				COMBINE_HIDPI_IMAGES = YES;
				CURRENT_PROJECT_VERSION = 1;
				ENABLE_APP_SANDBOX = YES;
				ENABLE_INCOMING_NETWORK_CONNECTIONS = NO;
				ENABLE_OUTGOING_NETWORK_CONNECTIONS = NO;
				ENABLE_PREVIEWS = YES;
				ENABLE_RESOURCE_ACCESS_AUDIO_INPUT = NO;
				ENABLE_RESOURCE_ACCESS_BLUETOOTH = YES;
				ENABLE_RESOURCE_ACCESS_CALENDARS = NO;
				ENABLE_RESOURCE_ACCESS_CAMERA = NO;
				ENABLE_RESOURCE_ACCESS_CONTACTS = NO;
				ENABLE_RESOURCE_ACCESS_LOCATION = NO;
				ENABLE_RESOURCE_ACCESS_PRINTING = NO;
				ENABLE_RESOURCE_ACCESS_USB = NO;
				ENABLE_USER_SELECTED_FILES = readonly;
				GENERATE_INFOPLIST_FILE = YES;
				INFOPLIST_FILE = "$(PROJECT_DIR)/AppSync-Broadcaster-Info.plist";
				INFOPLIST_KEY_NSBluetoothWhileInUseUsageDescription = "Allow bluetooth to send advertisments";
				INFOPLIST_KEY_NSHumanReadableCopyright = "";
				LD_RUNPATH_SEARCH_PATHS = (
					"$(inherited)",
					"@executable_path/../Frameworks",
				);
				MARKETING_VERSION = 1.0;
				PRODUCT_BUNDLE_IDENTIFIER = "Froggo.AppSync-Broadcaster";
				PRODUCT_NAME = "$(TARGET_NAME)";
				REGISTER_APP_GROUPS = YES;
				STRING_CATALOG_GENERATE_SYMBOLS = YES;
				SWIFT_APPROACHABLE_CONCURRENCY = YES;
				SWIFT_DEFAULT_ACTOR_ISOLATION = MainActor;
				SWIFT_EMIT_LOC_STRINGS = YES;
				SWIFT_UPCOMING_FEATURE_MEMBER_IMPORT_VISIBILITY = YES;
				SWIFT_VERSION = 5.0;
			};
			name = Release;
		};
		2E84E42E2F720D7000EC5D97 /* Debug */ = {
			isa = XCBuildConfiguration;
			buildSettings = {
				BUNDLE_LOADER = "$(TEST_HOST)";
				CODE_SIGN_STYLE = Automatic;
				CURRENT_PROJECT_VERSION = 1;
				GENERATE_INFOPLIST_FILE = YES;
				MACOSX_DEPLOYMENT_TARGET = 26.2;
				MARKETING_VERSION = 1.0;
				PRODUCT_BUNDLE_IDENTIFIER = "Froggo.AppSync-BroadcasterTests";
				PRODUCT_NAME = "$(TARGET_NAME)";
				STRING_CATALOG_GENERATE_SYMBOLS = NO;
				SWIFT_APPROACHABLE_CONCURRENCY = YES;
				SWIFT_EMIT_LOC_STRINGS = NO;
				SWIFT_UPCOMING_FEATURE_MEMBER_IMPORT_VISIBILITY = YES;
				SWIFT_VERSION = 5.0;
				TEST_HOST = "$(BUILT_PRODUCTS_DIR)/AppSync_Broadcaster.app/$(BUNDLE_EXECUTABLE_FOLDER_PATH)/AppSync_Broadcaster";
			};
			name = Debug;
		};
		2E84E42F2F720D7000EC5D97 /* Release */ = {
			isa = XCBuildConfiguration;
			buildSettings = {
				BUNDLE_LOADER = "$(TEST_HOST)";
				CODE_SIGN_STYLE = Automatic;
				CURRENT_PROJECT_VERSION = 1;
				GENERATE_INFOPLIST_FILE = YES;
				MACOSX_DEPLOYMENT_TARGET = 26.2;
				MARKETING_VERSION = 1.0;
				PRODUCT_BUNDLE_IDENTIFIER = "Froggo.AppSync-BroadcasterTests";
				PRODUCT_NAME = "$(TARGET_NAME)";
				STRING_CATALOG_GENERATE_SYMBOLS = NO;
				SWIFT_APPROACHABLE_CONCURRENCY = YES;
				SWIFT_EMIT_LOC_STRINGS = NO;
				SWIFT_UPCOMING_FEATURE_MEMBER_IMPORT_VISIBILITY = YES;
				SWIFT_VERSION = 5.0;
				TEST_HOST = "$(BUILT_PRODUCTS_DIR)/AppSync_Broadcaster.app/$(BUNDLE_EXECUTABLE_FOLDER_PATH)/AppSync_Broadcaster";
			};
			name = Release;
		};
		2E84E4312F720D7000EC5D97 /* Debug */ = {
			isa = XCBuildConfiguration;
			buildSettings = {
				CODE_SIGN_STYLE = Automatic;
				CURRENT_PROJECT_VERSION = 1;
				GENERATE_INFOPLIST_FILE = YES;
				MARKETING_VERSION = 1.0;
				PRODUCT_BUNDLE_IDENTIFIER = "Froggo.AppSync-BroadcasterUITests";
				PRODUCT_NAME = "$(TARGET_NAME)";
				STRING_CATALOG_GENERATE_SYMBOLS = NO;
				SWIFT_APPROACHABLE_CONCURRENCY = YES;
				SWIFT_EMIT_LOC_STRINGS = NO;
				SWIFT_UPCOMING_FEATURE_MEMBER_IMPORT_VISIBILITY = YES;
				SWIFT_VERSION = 5.0;
				TEST_TARGET_NAME = AppSync_Broadcaster;
			};
			name = Debug;
		};
		2E84E4322F720D7000EC5D97 /* Release */ = {
			isa = XCBuildConfiguration;
			buildSettings = {
				CODE_SIGN_STYLE = Automatic;
				CURRENT_PROJECT_VERSION = 1;
				GENERATE_INFOPLIST_FILE = YES;
				MARKETING_VERSION = 1.0;
				PRODUCT_BUNDLE_IDENTIFIER = "Froggo.AppSync-BroadcasterUITests";
				PRODUCT_NAME = "$(TARGET_NAME)";
				STRING_CATALOG_GENERATE_SYMBOLS = NO;
				SWIFT_APPROACHABLE_CONCURRENCY = YES;
				SWIFT_EMIT_LOC_STRINGS = NO;
				SWIFT_UPCOMING_FEATURE_MEMBER_IMPORT_VISIBILITY = YES;
				SWIFT_VERSION = 5.0;
				TEST_TARGET_NAME = AppSync_Broadcaster;
			};
			name = Release;
		};
/* End XCBuildConfiguration section */

/* Begin XCConfigurationList section */
		2E84E4042F720D6E00EC5D97 /* Build configuration list for PBXProject "AppSync_Broadcaster" */ = {
			isa = XCConfigurationList;
			buildConfigurations = (
				2E84E4282F720D7000EC5D97 /* Debug */,
				2E84E4292F720D7000EC5D97 /* Release */,
			);
			defaultConfigurationIsVisible = 0;
			defaultConfigurationName = Release;
		};
		2E84E42A2F720D7000EC5D97 /* Build configuration list for PBXNativeTarget "AppSync_Broadcaster" */ = {
			isa = XCConfigurationList;
			buildConfigurations = (
				2E84E42B2F720D7000EC5D97 /* Debug */,
				2E84E42C2F720D7000EC5D97 /* Release */,
			);
			defaultConfigurationIsVisible = 0;
			defaultConfigurationName = Release;
		};
		2E84E42D2F720D7000EC5D97 /* Build configuration list for PBXNativeTarget "AppSync_BroadcasterTests" */ = {
			isa = XCConfigurationList;
			buildConfigurations = (
				2E84E42E2F720D7000EC5D97 /* Debug */,
				2E84E42F2F720D7000EC5D97 /* Release */,
			);
			defaultConfigurationIsVisible = 0;
			defaultConfigurationName = Release;
		};
		2E84E4302F720D7000EC5D97 /* Build configuration list for PBXNativeTarget "AppSync_BroadcasterUITests" */ = {
			isa = XCConfigurationList;
			buildConfigurations = (
				2E84E4312F720D7000EC5D97 /* Debug */,
				2E84E4322F720D7000EC5D97 /* Release */,
			);
			defaultConfigurationIsVisible = 0;
			defaultConfigurationName = Release;
		};
/* End XCConfigurationList section */
	};
	rootObject = 2E84E4012F720D6E00EC5D97 /* Project object */;
}
