// !$*UTF8*$!
{
	archiveVersion = 1;
	classes = {
	};
	objectVersion = 77;
	objects = {

/* Begin PBXContainerItemProxy section */
		2EF1555C2F7206AA00ECF4CB /* PBXContainerItemProxy */ = {
			isa = PBXContainerItemProxy;
			containerPortal = 2EF155462F7206A700ECF4CB /* Project object */;
			proxyType = 1;
			remoteGlobalIDString = 2EF1554D2F7206A700ECF4CB;
			remoteInfo = AppSync_Receiver;
		};
		2EF155662F7206AA00ECF4CB /* PBXContainerItemProxy */ = {
			isa = PBXContainerItemProxy;
			containerPortal = 2EF155462F7206A700ECF4CB /* Project object */;
			proxyType = 1;
			remoteGlobalIDString = 2EF1554D2F7206A700ECF4CB;
			remoteInfo = AppSync_Receiver;
		};
/* End PBXContainerItemProxy section */

/* Begin PBXFileReference section */
		2EF1554E2F7206A700ECF4CB /* AppSync_Receiver.app */ = {isa = PBXFileReference; explicitFileType = wrapper.application; includeInIndex = 0; path = AppSync_Receiver.app; sourceTree = BUILT_PRODUCTS_DIR; };
		2EF1555B2F7206AA00ECF4CB /* AppSync_ReceiverTests.xctest */ = {isa = PBXFileReference; explicitFileType = wrapper.cfbundle; includeInIndex = 0; path = AppSync_ReceiverTests.xctest; sourceTree = BUILT_PRODUCTS_DIR; };
		2EF155652F7206AA00ECF4CB /* AppSync_ReceiverUITests.xctest */ = {isa = PBXFileReference; explicitFileType = wrapper.cfbundle; includeInIndex = 0; path = AppSync_ReceiverUITests.xctest; sourceTree = BUILT_PRODUCTS_DIR; };
/* End PBXFileReference section */

/* Begin PBXFileSystemSynchronizedRootGroup section */
		2EF155502F7206A700ECF4CB /* AppSync_Receiver */ = {
			isa = PBXFileSystemSynchronizedRootGroup;
			path = AppSync_Receiver;
			sourceTree = "<group>";
		};
		2EF1555E2F7206AA00ECF4CB /* AppSync_ReceiverTests */ = {
			isa = PBXFileSystemSynchronizedRootGroup;
			path = AppSync_ReceiverTests;
			sourceTree = "<group>";
		};
		2EF155682F7206AA00ECF4CB /* AppSync_ReceiverUITests */ = {
			isa = PBXFileSystemSynchronizedRootGroup;
			path = AppSync_ReceiverUITests;
			sourceTree = "<group>";
		};
/* End PBXFileSystemSynchronizedRootGroup section */

/* Begin PBXFrameworksBuildPhase section */
		2EF1554B2F7206A700ECF4CB /* Frameworks */ = {
			isa = PBXFrameworksBuildPhase;
			buildActionMask = 2147483647;
			files = (
			);
			runOnlyForDeploymentPostprocessing = 0;
		};
		2EF155582F7206AA00ECF4CB /* Frameworks */ = {
			isa = PBXFrameworksBuildPhase;
			buildActionMask = 2147483647;
			files = (
			);
			runOnlyForDeploymentPostprocessing = 0;
		};
		2EF155622F7206AA00ECF4CB /* Frameworks */ = {
			isa = PBXFrameworksBuildPhase;
			buildActionMask = 2147483647;
			files = (
			);
			runOnlyForDeploymentPostprocessing = 0;
		};
/* End PBXFrameworksBuildPhase section */

/* Begin PBXGroup section */
		2E0E79BA2FC22897004F8D32 /* Frameworks */ = {
			isa = PBXGroup;
			children = (
			);
			name = Frameworks;
			sourceTree = "<group>";
		};
		2EF155452F7206A700ECF4CB = {
			isa = PBXGroup;
			children = (
				2EF155502F7206A700ECF4CB /* AppSync_Receiver */,
				2EF1555E2F7206AA00ECF4CB /* AppSync_ReceiverTests */,
				2EF155682F7206AA00ECF4CB /* AppSync_ReceiverUITests */,
				2E0E79BA2FC22897004F8D32 /* Frameworks */,
				2EF1554F2F7206A700ECF4CB /* Products */,
			);
			sourceTree = "<group>";
		};
		2EF1554F2F7206A700ECF4CB /* Products */ = {
			isa = PBXGroup;
			children = (
				2EF1554E2F7206A700ECF4CB /* AppSync_Receiver.app */,
				2EF1555B2F7206AA00ECF4CB /* AppSync_ReceiverTests.xctest */,
				2EF155652F7206AA00ECF4CB /* AppSync_ReceiverUITests.xctest */,
			);
			name = Products;
			sourceTree = "<group>";
		};
/* End PBXGroup section */

/* Begin PBXNativeTarget section */
		2EF1554D2F7206A700ECF4CB /* AppSync_Receiver */ = {
			isa = PBXNativeTarget;
			buildConfigurationList = 2EF1556F2F7206AA00ECF4CB /* Build configuration list for PBXNativeTarget "AppSync_Receiver" */;
			buildPhases = (
				2EF1554A2F7206A700ECF4CB /* Sources */,
				2EF1554B2F7206A700ECF4CB /* Frameworks */,
				2EF1554C2F7206A700ECF4CB /* Resources */,
			);
			buildRules = (
			);
			dependencies = (
			);
			fileSystemSynchronizedGroups = (
				2EF155502F7206A700ECF4CB /* AppSync_Receiver */,
			);
			name = AppSync_Receiver;
			packageProductDependencies = (
			);
			productName = AppSync_Receiver;
			productReference = 2EF1554E2F7206A700ECF4CB /* AppSync_Receiver.app */;
			productType = "com.apple.product-type.application";
		};
		2EF1555A2F7206AA00ECF4CB /* AppSync_ReceiverTests */ = {
			isa = PBXNativeTarget;
			buildConfigurationList = 2EF155722F7206AA00ECF4CB /* Build configuration list for PBXNativeTarget "AppSync_ReceiverTests" */;
			buildPhases = (
				2EF155572F7206AA00ECF4CB /* Sources */,
				2EF155582F7206AA00ECF4CB /* Frameworks */,
				2EF155592F7206AA00ECF4CB /* Resources */,
			);
			buildRules = (
			);
			dependencies = (
				2EF1555D2F7206AA00ECF4CB /* PBXTargetDependency */,
			);
			fileSystemSynchronizedGroups = (
				2EF1555E2F7206AA00ECF4CB /* AppSync_ReceiverTests */,
			);
			name = AppSync_ReceiverTests;
			packageProductDependencies = (
			);
			productName = AppSync_ReceiverTests;
			productReference = 2EF1555B2F7206AA00ECF4CB /* AppSync_ReceiverTests.xctest */;
			productType = "com.apple.product-type.bundle.unit-test";
		};
		2EF155642F7206AA00ECF4CB /* AppSync_ReceiverUITests */ = {
			isa = PBXNativeTarget;
			buildConfigurationList = 2EF155752F7206AA00ECF4CB /* Build configuration list for PBXNativeTarget "AppSync_ReceiverUITests" */;
			buildPhases = (
				2EF155612F7206AA00ECF4CB /* Sources */,
				2EF155622F7206AA00ECF4CB /* Frameworks */,
				2EF155632F7206AA00ECF4CB /* Resources */,
			);
			buildRules = (
			);
			dependencies = (
				2EF155672F7206AA00ECF4CB /* PBXTargetDependency */,
			);
			fileSystemSynchronizedGroups = (
				2EF155682F7206AA00ECF4CB /* AppSync_ReceiverUITests */,
			);
			name = AppSync_ReceiverUITests;
			packageProductDependencies = (
			);
			productName = AppSync_ReceiverUITests;
			productReference = 2EF155652F7206AA00ECF4CB /* AppSync_ReceiverUITests.xctest */;
			productType = "com.apple.product-type.bundle.ui-testing";
		};
/* End PBXNativeTarget section */

/* Begin PBXProject section */
		2EF155462F7206A700ECF4CB /* Project object */ = {
			isa = PBXProject;
			attributes = {
				BuildIndependentTargetsInParallel = 1;
				LastSwiftUpdateCheck = 2620;
				LastUpgradeCheck = 2620;
				TargetAttributes = {
					2EF1554D2F7206A700ECF4CB = {
						CreatedOnToolsVersion = 26.2;
					};
					2EF1555A2F7206AA00ECF4CB = {
						CreatedOnToolsVersion = 26.2;
						TestTargetID = 2EF1554D2F7206A700ECF4CB;
					};
					2EF155642F7206AA00ECF4CB = {
						CreatedOnToolsVersion = 26.2;
						TestTargetID = 2EF1554D2F7206A700ECF4CB;
					};
				};
			};
			buildConfigurationList = 2EF155492F7206A700ECF4CB /* Build configuration list for PBXProject "AppSync_Receiver" */;
			developmentRegion = en;
			hasScannedForEncodings = 0;
			knownRegions = (
				en,
				Base,
			);
			mainGroup = 2EF155452F7206A700ECF4CB;
			minimizedProjectReferenceProxies = 1;
			packageReferences = (
			);
			preferredProjectObjectVersion = 77;
			productRefGroup = 2EF1554F2F7206A700ECF4CB /* Products */;
			projectDirPath = "";
			projectRoot = "";
			targets = (
				2EF1554D2F7206A700ECF4CB /* AppSync_Receiver */,
				2EF1555A2F7206AA00ECF4CB /* AppSync_ReceiverTests */,
				2EF155642F7206AA00ECF4CB /* AppSync_ReceiverUITests */,
			);
		};
/* End PBXProject section */

/* Begin PBXResourcesBuildPhase section */
		2EF1554C2F7206A700ECF4CB /* Resources */ = {
			isa = PBXResourcesBuildPhase;
			buildActionMask = 2147483647;
			files = (
			);
			runOnlyForDeploymentPostprocessing = 0;
		};
		2EF155592F7206AA00ECF4CB /* Resources */ = {
			isa = PBXResourcesBuildPhase;
			buildActionMask = 2147483647;
			files = (
			);
			runOnlyForDeploymentPostprocessing = 0;
		};
		2EF155632F7206AA00ECF4CB /* Resources */ = {
			isa = PBXResourcesBuildPhase;
			buildActionMask = 2147483647;
			files = (
			);
			runOnlyForDeploymentPostprocessing = 0;
		};
/* End PBXResourcesBuildPhase section */

/* Begin PBXSourcesBuildPhase section */
		2EF1554A2F7206A700ECF4CB /* Sources */ = {
			isa = PBXSourcesBuildPhase;
			buildActionMask = 2147483647;
			files = (
			);
			runOnlyForDeploymentPostprocessing = 0;
		};
		2EF155572F7206AA00ECF4CB /* Sources */ = {
			isa = PBXSourcesBuildPhase;
			buildActionMask = 2147483647;
			files = (
			);
			runOnlyForDeploymentPostprocessing = 0;
		};
		2EF155612F7206AA00ECF4CB /* Sources */ = {
			isa = PBXSourcesBuildPhase;
			buildActionMask = 2147483647;
			files = (
			);
			runOnlyForDeploymentPostprocessing = 0;
		};
/* End PBXSourcesBuildPhase section */

/* Begin PBXTargetDependency section */
		2EF1555D2F7206AA00ECF4CB /* PBXTargetDependency */ = {
			isa = PBXTargetDependency;
			target = 2EF1554D2F7206A700ECF4CB /* AppSync_Receiver */;
			targetProxy = 2EF1555C2F7206AA00ECF4CB /* PBXContainerItemProxy */;
		};
		2EF155672F7206AA00ECF4CB /* PBXTargetDependency */ = {
			isa = PBXTargetDependency;
			target = 2EF1554D2F7206A700ECF4CB /* AppSync_Receiver */;
			targetProxy = 2EF155662F7206AA00ECF4CB /* PBXContainerItemProxy */;
		};
/* End PBXTargetDependency section */

/* Begin XCBuildConfiguration section */
		2EF1556D2F7206AA00ECF4CB /* Debug */ = {
			isa = XCBuildConfiguration;
			buildSettings = {
				ALWAYS_SEARCH_USER_PATHS = NO;
				ASSETCATALOG_COMPILER_GENERATE_SWIFT_ASSET_SYMBOL_EXTENSIONS = YES;
				CLANG_ANALYZER_NONNULL = YES;
				CLANG_ANALYZER_NUMBER_OBJECT_CONVERSION = YES_AGGRESSIVE;
				CLANG_CXX_LANGUAGE_STANDARD = "gnu++20";
				CLANG_ENABLE_MODULES = YES;
				CLANG_ENABLE_OBJC_ARC = YES;
				CLANG_ENABLE_OBJC_WEAK = YES;
				CLANG_WARN_BLOCK_CAPTURE_AUTORELEASING = YES;
				CLANG_WARN_BOOL_CONVERSION = YES;
				CLANG_WARN_COMMA = YES;
				CLANG_WARN_CONSTANT_CONVERSION = YES;
				CLANG_WARN_DEPRECATED_OBJC_IMPLEMENTATIONS = YES;
				CLANG_WARN_DIRECT_OBJC_ISA_USAGE = YES_ERROR;
				CLANG_WARN_DOCUMENTATION_COMMENTS = YES;
				CLANG_WARN_EMPTY_BODY = YES;
				CLANG_WARN_ENUM_CONVERSION = YES;
				CLANG_WARN_INFINITE_RECURSION = YES;
				CLANG_WARN_INT_CONVERSION = YES;
				CLANG_WARN_NON_LITERAL_NULL_CONVERSION = YES;
				CLANG_WARN_OBJC_IMPLICIT_RETAIN_SELF = YES;
				CLANG_WARN_OBJC_LITERAL_CONVERSION = YES;
				CLANG_WARN_OBJC_ROOT_CLASS = YES_ERROR;
				CLANG_WARN_QUOTED_INCLUDE_IN_FRAMEWORK_HEADER = YES;
				CLANG_WARN_RANGE_LOOP_ANALYSIS = YES;
				CLANG_WARN_STRICT_PROTOTYPES = YES;
				CLANG_WARN_SUSPICIOUS_MOVE = YES;
				CLANG_WARN_UNGUARDED_AVAILABILITY = YES_AGGRESSIVE;
				CLANG_WARN_UNREACHABLE_CODE = YES;
				CLANG_WARN__DUPLICATE_METHOD_MATCH = YES;
				COPY_PHASE_STRIP = NO;
				DEBUG_INFORMATION_FORMAT = dwarf;
				ENABLE_STRICT_OBJC_MSGSEND = YES;
				ENABLE_TESTABILITY = YES;
				ENABLE_USER_SCRIPT_SANDBOXING = YES;
				GCC_C_LANGUAGE_STANDARD = gnu17;
				GCC_DYNAMIC_NO_PIC = NO;
				GCC_NO_COMMON_BLOCKS = YES;
				GCC_OPTIMIZATION_LEVEL = 0;
				GCC_PREPROCESSOR_DEFINITIONS = (
					"DEBUG=1",
					"$(inherited)",
				);
				GCC_WARN_64_TO_32_BIT_CONVERSION = YES;
				GCC_WARN_ABOUT_RETURN_TYPE = YES_ERROR;
				GCC_WARN_UNDECLARED_SELECTOR = YES;
				GCC_WARN_UNINITIALIZED_AUTOS = YES_AGGRESSIVE;
				GCC_WARN_UNUSED_FUNCTION = YES;
				GCC_WARN_UNUSED_VARIABLE = YES;
				IPHONEOS_DEPLOYMENT_TARGET = 26.2;
				LOCALIZATION_PREFERS_STRING_CATALOGS = YES;
				MTL_ENABLE_DEBUG_INFO = INCLUDE_SOURCE;
				MTL_FAST_MATH = YES;
				ONLY_ACTIVE_ARCH = YES;
				SDKROOT = iphoneos;
				SWIFT_ACTIVE_COMPILATION_CONDITIONS = "DEBUG $(inherited)";
				SWIFT_OPTIMIZATION_LEVEL = "-Onone";
			};
			name = Debug;
		};
		2EF1556E2F7206AA00ECF4CB /* Release */ = {
			isa = XCBuildConfiguration;
			buildSettings = {
				ALWAYS_SEARCH_USER_PATHS = NO;
				ASSETCATALOG_COMPILER_GENERATE_SWIFT_ASSET_SYMBOL_EXTENSIONS = YES;
				CLANG_ANALYZER_NONNULL = YES;
				CLANG_ANALYZER_NUMBER_OBJECT_CONVERSION = YES_AGGRESSIVE;
				CLANG_CXX_LANGUAGE_STANDARD = "gnu++20";
				CLANG_ENABLE_MODULES = YES;
				CLANG_ENABLE_OBJC_ARC = YES;
				CLANG_ENABLE_OBJC_WEAK = YES;
				CLANG_WARN_BLOCK_CAPTURE_AUTORELEASING = YES;
				CLANG_WARN_BOOL_CONVERSION = YES;
				CLANG_WARN_COMMA = YES;
				CLANG_WARN_CONSTANT_CONVERSION = YES;
				CLANG_WARN_DEPRECATED_OBJC_IMPLEMENTATIONS = YES;
				CLANG_WARN_DIRECT_OBJC_ISA_USAGE = YES_ERROR;
				CLANG_WARN_DOCUMENTATION_COMMENTS = YES;
				CLANG_WARN_EMPTY_BODY = YES;
				CLANG_WARN_ENUM_CONVERSION = YES;
				CLANG_WARN_INFINITE_RECURSION = YES;
				CLANG_WARN_INT_CONVERSION = YES;
				CLANG_WARN_NON_LITERAL_NULL_CONVERSION = YES;
				CLANG_WARN_OBJC_IMPLICIT_RETAIN_SELF = YES;
				CLANG_WARN_OBJC_LITERAL_CONVERSION = YES;
				CLANG_WARN_OBJC_ROOT_CLASS = YES_ERROR;
				CLANG_WARN_QUOTED_INCLUDE_IN_FRAMEWORK_HEADER = YES;
				CLANG_WARN_RANGE_LOOP_ANALYSIS = YES;
				CLANG_WARN_STRICT_PROTOTYPES = YES;
				CLANG_WARN_SUSPICIOUS_MOVE = YES;
				CLANG_WARN_UNGUARDED_AVAILABILITY = YES_AGGRESSIVE;
				CLANG_WARN_UNREACHABLE_CODE = YES;
				CLANG_WARN__DUPLICATE_METHOD_MATCH = YES;
				COPY_PHASE_STRIP = NO;
				DEBUG_INFORMATION_FORMAT = "dwarf-with-dsym";
				ENABLE_NS_ASSERTIONS = NO;
				ENABLE_STRICT_OBJC_MSGSEND = YES;
				ENABLE_USER_SCRIPT_SANDBOXING = YES;
				GCC_C_LANGUAGE_STANDARD = gnu17;
				GCC_NO_COMMON_BLOCKS = YES;
				GCC_WARN_64_TO_32_BIT_CONVERSION = YES;
				GCC_WARN_ABOUT_RETURN_TYPE = YES_ERROR;
				GCC_WARN_UNDECLARED_SELECTOR = YES;
				GCC_WARN_UNINITIALIZED_AUTOS = YES_AGGRESSIVE;
				GCC_WARN_UNUSED_FUNCTION = YES;
				GCC_WARN_UNUSED_VARIABLE = YES;
				IPHONEOS_DEPLOYMENT_TARGET = 26.2;
				LOCALIZATION_PREFERS_STRING_CATALOGS = YES;
				MTL_ENABLE_DEBUG_INFO = NO;
				MTL_FAST_MATH = YES;
				SDKROOT = iphoneos;
				SWIFT_COMPILATION_MODE = wholemodule;
				VALIDATE_PRODUCT = YES;
			};
			name = Release;
		};
		2EF155702F7206AA00ECF4CB /* Debug */ = {
			isa = XCBuildConfiguration;
			buildSettings = {
				ASSETCATALOG_COMPILER_APPICON_NAME = AppIcon;
				ASSETCATALOG_COMPILER_GLOBAL_ACCENT_COLOR_NAME = AccentColor;
				CODE_SIGN_STYLE = Automatic;
				CURRENT_PROJECT_VERSION = 1;
				DEVELOPMENT_TEAM = NST42FN38W;
				ENABLE_PREVIEWS = YES;
				GENERATE_INFOPLIST_FILE = YES;
				INFOPLIST_FILE = "$(PROJECT_DIR)/AppSync-Receiver-Info.plist";
				INFOPLIST_KEY_NSBluetoothWhileInUseUsageDescription = "Allows app to receive bluetooth";
				INFOPLIST_KEY_UIApplicationSceneManifest_Generation = YES;
				INFOPLIST_KEY_UIApplicationSupportsIndirectInputEvents = YES;
				INFOPLIST_KEY_UILaunchScreen_Generation = YES;
				INFOPLIST_KEY_UISupportedInterfaceOrientations_iPad = "UIInterfaceOrientationPortrait UIInterfaceOrientationPortraitUpsideDown UIInterfaceOrientationLandscapeLeft UIInterfaceOrientationLandscapeRight";
				INFOPLIST_KEY_UISupportedInterfaceOrientations_iPhone = "UIInterfaceOrientationPortrait UIInterfaceOrientationLandscapeLeft UIInterfaceOrientationLandscapeRight";
				LD_RUNPATH_SEARCH_PATHS = (
					"$(inherited)",
					"@executable_path/Frameworks",
				);
				MARKETING_VERSION = 1.0;
				PRODUCT_BUNDLE_IDENTIFIER = "Froggo.AppSync-Receiver";
				PRODUCT_NAME = "$(TARGET_NAME)";
				STRING_CATALOG_GENERATE_SYMBOLS = YES;
				SWIFT_APPROACHABLE_CONCURRENCY = YES;
				SWIFT_DEFAULT_ACTOR_ISOLATION = MainActor;
				SWIFT_EMIT_LOC_STRINGS = YES;
				SWIFT_UPCOMING_FEATURE_MEMBER_IMPORT_VISIBILITY = YES;
				SWIFT_VERSION = 5.0;
				TARGETED_DEVICE_FAMILY = "1,2";
			};
			name = Debug;
		};
		2EF155712F7206AA00ECF4CB /* Release */ = {
			isa = XCBuildConfiguration;
			buildSettings = {
				ASSETCATALOG_COMPILER_APPICON_NAME = AppIcon;
				ASSETCATALOG_COMPILER_GLOBAL_ACCENT_COLOR_NAME = AccentColor;
				CODE_SIGN_STYLE = Automatic;
				CURRENT_PROJECT_VERSION = 1;
				DEVELOPMENT_TEAM = NST42FN38W;
				ENABLE_PREVIEWS = YES;
				GENERATE_INFOPLIST_FILE = YES;
				INFOPLIST_FILE = "$(PROJECT_DIR)/AppSync-Receiver-Info.plist";
				INFOPLIST_KEY_NSBluetoothWhileInUseUsageDescription = "Allows app to receive bluetooth";
				INFOPLIST_KEY_UIApplicationSceneManifest_Generation = YES;
				INFOPLIST_KEY_UIApplicationSupportsIndirectInputEvents = YES;
				INFOPLIST_KEY_UILaunchScreen_Generation = YES;
				INFOPLIST_KEY_UISupportedInterfaceOrientations_iPad = "UIInterfaceOrientationPortrait UIInterfaceOrientationPortraitUpsideDown UIInterfaceOrientationLandscapeLeft UIInterfaceOrientationLandscapeRight";
				INFOPLIST_KEY_UISupportedInterfaceOrientations_iPhone = "UIInterfaceOrientationPortrait UIInterfaceOrientationLandscapeLeft UIInterfaceOrientationLandscapeRight";
				LD_RUNPATH_SEARCH_PATHS = (
					"$(inherited)",
					"@executable_path/Frameworks",
				);
				MARKETING_VERSION = 1.0;
				PRODUCT_BUNDLE_IDENTIFIER = "Froggo.AppSync-Receiver";
				PRODUCT_NAME = "$(TARGET_NAME)";
				STRING_CATALOG_GENERATE_SYMBOLS = YES;
				SWIFT_APPROACHABLE_CONCURRENCY = YES;
				SWIFT_DEFAULT_ACTOR_ISOLATION = MainActor;
				SWIFT_EMIT_LOC_STRINGS = YES;
				SWIFT_UPCOMING_FEATURE_MEMBER_IMPORT_VISIBILITY = YES;
				SWIFT_VERSION = 5.0;
				TARGETED_DEVICE_FAMILY = "1,2";
			};
			name = Release;
		};
		2EF155732F7206AA00ECF4CB /* Debug */ = {
			isa = XCBuildConfiguration;
			buildSettings = {
				BUNDLE_LOADER = "$(TEST_HOST)";
				CODE_SIGN_STYLE = Automatic;
				CURRENT_PROJECT_VERSION = 1;
				GENERATE_INFOPLIST_FILE = YES;
				IPHONEOS_DEPLOYMENT_TARGET = 26.2;
				MARKETING_VERSION = 1.0;
				PRODUCT_BUNDLE_IDENTIFIER = "Froggo.AppSync-ReceiverTests";
				PRODUCT_NAME = "$(TARGET_NAME)";
				STRING_CATALOG_GENERATE_SYMBOLS = NO;
				SWIFT_APPROACHABLE_CONCURRENCY = YES;
				SWIFT_EMIT_LOC_STRINGS = NO;
				SWIFT_UPCOMING_FEATURE_MEMBER_IMPORT_VISIBILITY = YES;
				SWIFT_VERSION = 5.0;
				TARGETED_DEVICE_FAMILY = "1,2";
				TEST_HOST = "$(BUILT_PRODUCTS_DIR)/AppSync_Receiver.app/$(BUNDLE_EXECUTABLE_FOLDER_PATH)/AppSync_Receiver";
			};
			name = Debug;
		};
		2EF155742F7206AA00ECF4CB /* Release */ = {
			isa = XCBuildConfiguration;
			buildSettings = {
				BUNDLE_LOADER = "$(TEST_HOST)";
				CODE_SIGN_STYLE = Automatic;
				CURRENT_PROJECT_VERSION = 1;
				GENERATE_INFOPLIST_FILE = YES;
				IPHONEOS_DEPLOYMENT_TARGET = 26.2;
				MARKETING_VERSION = 1.0;
				PRODUCT_BUNDLE_IDENTIFIER = "Froggo.AppSync-ReceiverTests";
				PRODUCT_NAME = "$(TARGET_NAME)";
				STRING_CATALOG_GENERATE_SYMBOLS = NO;
				SWIFT_APPROACHABLE_CONCURRENCY = YES;
				SWIFT_EMIT_LOC_STRINGS = NO;
				SWIFT_UPCOMING_FEATURE_MEMBER_IMPORT_VISIBILITY = YES;
				SWIFT_VERSION = 5.0;
				TARGETED_DEVICE_FAMILY = "1,2";
				TEST_HOST = "$(BUILT_PRODUCTS_DIR)/AppSync_Receiver.app/$(BUNDLE_EXECUTABLE_FOLDER_PATH)/AppSync_Receiver";
			};
			name = Release;
		};
		2EF155762F7206AA00ECF4CB /* Debug */ = {
			isa = XCBuildConfiguration;
			buildSettings = {
				CODE_SIGN_STYLE = Automatic;
				CURRENT_PROJECT_VERSION = 1;
				GENERATE_INFOPLIST_FILE = YES;
				MARKETING_VERSION = 1.0;
				PRODUCT_BUNDLE_IDENTIFIER = "Froggo.AppSync-ReceiverUITests";
				PRODUCT_NAME = "$(TARGET_NAME)";
				STRING_CATALOG_GENERATE_SYMBOLS = NO;
				SWIFT_APPROACHABLE_CONCURRENCY = YES;
				SWIFT_EMIT_LOC_STRINGS = NO;
				SWIFT_UPCOMING_FEATURE_MEMBER_IMPORT_VISIBILITY = YES;
				SWIFT_VERSION = 5.0;
				TARGETED_DEVICE_FAMILY = "1,2";
				TEST_TARGET_NAME = AppSync_Receiver;
			};
			name = Debug;
		};
		2EF155772F7206AA00ECF4CB /* Release */ = {
			isa = XCBuildConfiguration;
			buildSettings = {
				CODE_SIGN_STYLE = Automatic;
				CURRENT_PROJECT_VERSION = 1;
				GENERATE_INFOPLIST_FILE = YES;
				MARKETING_VERSION = 1.0;
				PRODUCT_BUNDLE_IDENTIFIER = "Froggo.AppSync-ReceiverUITests";
				PRODUCT_NAME = "$(TARGET_NAME)";
				STRING_CATALOG_GENERATE_SYMBOLS = NO;
				SWIFT_APPROACHABLE_CONCURRENCY = YES;
				SWIFT_EMIT_LOC_STRINGS = NO;
				SWIFT_UPCOMING_FEATURE_MEMBER_IMPORT_VISIBILITY = YES;
				SWIFT_VERSION = 5.0;
				TARGETED_DEVICE_FAMILY = "1,2";
				TEST_TARGET_NAME = AppSync_Receiver;
			};
			name = Release;
		};
/* End XCBuildConfiguration section */

/* Begin XCConfigurationList section */
		2EF155492F7206A700ECF4CB /* Build configuration list for PBXProject "AppSync_Receiver" */ = {
			isa = XCConfigurationList;
			buildConfigurations = (
				2EF1556D2F7206AA00ECF4CB /* Debug */,
				2EF1556E2F7206AA00ECF4CB /* Release */,
			);
			defaultConfigurationIsVisible = 0;
			defaultConfigurationName = Release;
		};
		2EF1556F2F7206AA00ECF4CB /* Build configuration list for PBXNativeTarget "AppSync_Receiver" */ = {
			isa = XCConfigurationList;
			buildConfigurations = (
				2EF155702F7206AA00ECF4CB /* Debug */,
				2EF155712F7206AA00ECF4CB /* Release */,
			);
			defaultConfigurationIsVisible = 0;
			defaultConfigurationName = Release;
		};
		2EF155722F7206AA00ECF4CB /* Build configuration list for PBXNativeTarget "AppSync_ReceiverTests" */ = {
			isa = XCConfigurationList;
			buildConfigurations = (
				2EF155732F7206AA00ECF4CB /* Debug */,
				2EF155742F7206AA00ECF4CB /* Release */,
			);
			defaultConfigurationIsVisible = 0;
			defaultConfigurationName = Release;
		};
		2EF155752F7206AA00ECF4CB /* Build configuration list for PBXNativeTarget "AppSync_ReceiverUITests" */ = {
			isa = XCConfigurationList;
			buildConfigurations = (
				2EF155762F7206AA00ECF4CB /* Debug */,
				2EF155772F7206AA00ECF4CB /* Release */,
			);
			defaultConfigurationIsVisible = 0;
			defaultConfigurationName = Release;
		};
/* End XCConfigurationList section */
	};
	rootObject = 2EF155462F7206A700ECF4CB /* Project object */;
}
